// !$*UTF8*$!
{
	archiveVersion = 1;
	classes = {
	};
	objectVersion = 46;
	objects = {

/* Begin PBXBuildFile section */
		0190E8DF1675BBF5008093CC /* UIKit.framework in Frameworks */ = {isa = PBXBuildFile; fileRef = 0190E8DE1675BBF5008093CC /* UIKit.framework */; };
		0190E8E11675BBF5008093CC /* Foundation.framework in Frameworks */ = {isa = PBXBuildFile; fileRef = 0190E8E01675BBF5008093CC /* Foundation.framework */; };
		0190E8E31675BBF5008093CC /* CoreGraphics.framework in Frameworks */ = {isa = PBXBuildFile; fileRef = 0190E8E21675BBF5008093CC /* CoreGraphics.framework */; };
		0190E8E91675BBF5008093CC /* InfoPlist.strings in Resources */ = {isa = PBXBuildFile; fileRef = 0190E8E71675BBF5008093CC /* InfoPlist.strings */; };
		0190E8EB1675BBF5008093CC /* main.m in Sources */ = {isa = PBXBuildFile; fileRef = 0190E8EA1675BBF5008093CC /* main.m */; };
		0190E8EF1675BBF5008093CC /* AppDelegate.m in Sources */ = {isa = PBXBuildFile; fileRef = 0190E8EE1675BBF5008093CC /* AppDelegate.m */; };
		0190E8F11675BBF5008093CC /* Default.png in Resources */ = {isa = PBXBuildFile; fileRef = 0190E8F01675BBF5008093CC /* Default.png */; };
		0190E8F31675BBF5008093CC /* Default@2x.png in Resources */ = {isa = PBXBuildFile; fileRef = 0190E8F21675BBF5008093CC /* Default@2x.png */; };
		0190E8F51675BBF5008093CC /* Default-568h@2x.png in Resources */ = {isa = PBXBuildFile; fileRef = 0190E8F41675BBF5008093CC /* Default-568h@2x.png */; };
		0190E8F81675BBF5008093CC /* ViewController.m in Sources */ = {isa = PBXBuildFile; fileRef = 0190E8F71675BBF5008093CC /* ViewController.m */; };
		0190E8FB1675BBF5008093CC /* ViewController.xib in Resources */ = {isa = PBXBuildFile; fileRef = 0190E8F91675BBF5008093CC /* ViewController.xib */; };
		0190E9061675DE89008093CC /* bg1.jpg in Resources */ = {isa = PBXBuildFile; fileRef = 0190E9051675DE89008093CC /* bg1.jpg */; };
		0190E9091675E31F008093CC /* bg2.png in Resources */ = {isa = PBXBuildFile; fileRef = 0190E9081675E31F008093CC /* bg2.png */; };
/* End PBXBuildFile section */

/* Begin PBXFileReference section */
		0190E8DA1675BBF5008093CC /* ShakeTest.app */ = {isa = PBXFileReference; explicitFileType = wrapper.application; includeInIndex = 0; path = ShakeTest.app; sourceTree = BUILT_PRODUCTS_DIR; };
		0190E8DE1675BBF5008093CC /* UIKit.framework */ = {isa = PBXFileReference; lastKnownFileType = wrapper.framework; name = UIKit.framework; path = System/Library/Frameworks/UIKit.framework; sourceTree = SDKROOT; };
		0190E8E01675BBF5008093CC /* Foundation.framework */ = {isa = PBXFileReference; lastKnownFileType = wrapper.framework; name = Foundation.framework; path = System/Library/Frameworks/Foundation.framework; sourceTree = SDKROOT; };
		0190E8E21675BBF5008093CC /* CoreGraphics.framework */ = {isa = PBXFileReference; lastKnownFileType = wrapper.framework; name = CoreGraphics.framework; path = System/Library/Frameworks/CoreGraphics.framework; sourceTree = SDKROOT; };
		0190E8E61675BBF5008093CC /* ShakeTest-Info.plist */ = {isa = PBXFileReference; lastKnownFileType = text.plist.xml; path = "ShakeTest-Info.plist"; sourceTree = "<group>"; };
		0190E8E81675BBF5008093CC /* en */ = {isa = PBXFileReference; lastKnownFileType = text.plist.strings; name = en; path = en.lproj/InfoPlist.strings; sourceTree = "<group>"; };
		0190E8EA1675BBF5008093CC /* main.m */ = {isa = PBXFileReference; lastKnownFileType = sourcecode.c.objc; path = main.m; sourceTree = "<group>"; };
		0190E8EC1675BBF5008093CC /* ShakeTest-Prefix.pch */ = {isa = PBXFileReference; lastKnownFileType = sourcecode.c.h; path = "ShakeTest-Prefix.pch"; sourceTree = "<group>"; };
		0190E8ED1675BBF5008093CC /* AppDelegate.h */ = {isa = PBXFileReference; lastKnownFileType = sourcecode.c.h; path = AppDelegate.h; sourceTree = "<group>"; };
		0190E8EE1675BBF5008093CC /* AppDelegate.m */ = {isa = PBXFileReference; lastKnownFileType = sourcecode.c.objc; path = AppDelegate.m; sourceTree = "<group>"; };
		0190E8F01675BBF5008093CC /* Default.png */ = {isa = PBXFileReference; lastKnownFileType = image.png; path = Default.png; sourceTree = "<group>"; };
		0190E8F21675BBF5008093CC /* Default@2x.png */ = {isa = PBXFileReference; lastKnownFileType = image.png; path = "Default@2x.png"; sourceTree = "<group>"; };
		0190E8F41675BBF5008093CC /* Default-568h@2x.png */ = {isa = PBXFileReference; lastKnownFileType = image.png; path = "Default-568h@2x.png"; sourceTree = "<group>"; };
		0190E8F61675BBF5008093CC /* ViewController.h */ = {isa = PBXFileReference; lastKnownFileType = sourcecode.c.h; path = ViewController.h; sourceTree = "<group>"; };
		0190E8F71675BBF5008093CC /* ViewController.m */ = {isa = PBXFileReference; lastKnownFileType = sourcecode.c.objc; path = ViewController.m; sourceTree = "<group>"; };
		0190E8FA1675BBF5008093CC /* en */ = {isa = PBXFileReference; lastKnownFileType = file.xib; name = en; path = en.lproj/ViewController.xib; sourceTree = "<group>"; };
		0190E9051675DE89008093CC /* bg1.jpg */ = {isa = PBXFileReference; lastKnownFileType = image.jpeg; path = bg1.jpg; sourceTree = "<group>"; };
		0190E9081675E31F008093CC /* bg2.png */ = {isa = PBXFileReference; lastKnownFileType = image.png; path = bg2.png; sourceTree = "<group>"; };
/* End PBXFileReference section */

/* Begin PBXFrameworksBuildPhase section */
		0190E8D71675BBF5008093CC /* Frameworks */ = {
			isa = PBXFrameworksBuildPhase;
			buildActionMask = 2147483647;
			files = (
				0190E8DF1675BBF5008093CC /* UIKit.framework in Frameworks */,
				0190E8E11675BBF5008093CC /* Foundation.framework in Frameworks */,
				0190E8E31675BBF5008093CC /* CoreGraphics.framework in Frameworks */,
			);
			runOnlyForDeploymentPostprocessing = 0;
		};
/* End PBXFrameworksBuildPhase section */

/* Begin PBXGroup section */
		0190E8CF1675BBF5008093CC = {
			isa = PBXGroup;
			children = (
				0190E8E41675BBF5008093CC /* ShakeTest */,
				0190E8DD1675BBF5008093CC /* Frameworks */,
				0190E8DB1675BBF5008093CC /* Products */,
			);
			sourceTree = "<group>";
		};
		0190E8DB1675BBF5008093CC /* Products */ = {
			isa = PBXGroup;
			children = (
				0190E8DA1675BBF5008093CC /* ShakeTest.app */,
			);
			name = Products;
			sourceTree = "<group>";
		};
		0190E8DD1675BBF5008093CC /* Frameworks */ = {
			isa = PBXGroup;
			children = (
				0190E8DE1675BBF5008093CC /* UIKit.framework */,
				0190E8E01675BBF5008093CC /* Foundation.framework */,
				0190E8E21675BBF5008093CC /* CoreGraphics.framework */,
			);
			name = Frameworks;
			sourceTree = "<group>";
		};
		0190E8E41675BBF5008093CC /* ShakeTest */ = {
			isa = PBXGroup;
			children = (
				0190E9081675E31F008093CC /* bg2.png */,
				0190E9051675DE89008093CC /* bg1.jpg */,
				0190E8ED1675BBF5008093CC /* AppDelegate.h */,
				0190E8EE1675BBF5008093CC /* AppDelegate.m */,
				0190E8F61675BBF5008093CC /* ViewController.h */,
				0190E8F71675BBF5008093CC /* ViewController.m */,
				0190E8F91675BBF5008093CC /* ViewController.xib */,
				0190E8E51675BBF5008093CC /* Supporting Files */,
			);
			path = ShakeTest;
			sourceTree = "<group>";
		};
		0190E8E51675BBF5008093CC /* Supporting Files */ = {
			isa = PBXGroup;
			children = (
				0190E8E61675BBF5008093CC /* ShakeTest-Info.plist */,
				0190E8E71675BBF5008093CC /* InfoPlist.strings */,
				0190E8EA1675BBF5008093CC /* main.m */,
				0190E8EC1675BBF5008093CC /* ShakeTest-Prefix.pch */,
				0190E8F01675BBF5008093CC /* Default.png */,
				0190E8F21675BBF5008093CC /* Default@2x.png */,
				0190E8F41675BBF5008093CC /* Default-568h@2x.png */,
			);
			name = "Supporting Files";
			sourceTree = "<group>";
		};
/* End PBXGroup section */

/* Begin PBXNativeTarget section */
		0190E8D91675BBF5008093CC /* ShakeTest */ = {
			isa = PBXNativeTarget;
			buildConfigurationList = 0190E8FE1675BBF5008093CC /* Build configuration list for PBXNativeTarget "ShakeTest" */;
			buildPhases = (
				0190E8D61675BBF5008093CC /* Sources */,
				0190E8D71675BBF5008093CC /* Frameworks */,
				0190E8D81675BBF5008093CC /* Resources */,
			);
			buildRules = (
			);
			dependencies = (
			);
			name = ShakeTest;
			productName = ShakeTest;
			productReference = 0190E8DA1675BBF5008093CC /* ShakeTest.app */;
			productType = "com.apple.product-type.application";
		};
/* End PBXNativeTarget section */

/* Begin PBXProject section */
		0190E8D11675BBF5008093CC /* Project object */ = {
			isa = PBXProject;
			attributes = {
				LastUpgradeCheck = 0450;
				ORGANIZATIONNAME = liuwei;
			};
			buildConfigurationList = 0190E8D41675BBF5008093CC /* Build configuration list for PBXProject "ShakeTest" */;
			compatibilityVersion = "Xcode 3.2";
			developmentRegion = English;
			hasScannedForEncodings = 0;
			knownRegions = (
				en,
			);
			mainGroup = 0190E8CF1675BBF5008093CC;
			productRefGroup = 0190E8DB1675BBF5008093CC /* Products */;
			projectDirPath = "";
			projectRoot = "";
			targets = (
				0190E8D91675BBF5008093CC /* ShakeTest */,
			);
		};
/* End PBXProject section */

/* Begin PBXResourcesBuildPhase section */
		0190E8D81675BBF5008093CC /* Resources */ = {
			isa = PBXResourcesBuildPhase;
			buildActionMask = 2147483647;
			files = (
				0190E8E91675BBF5008093CC /* InfoPlist.strings in Resources */,
				0190E8F11675BBF5008093CC /* Default.png in Resources */,
				0190E8F31675BBF5008093CC /* Default@2x.png in Resources */,
				0190E8F51675BBF5008093CC /* Default-568h@2x.png in Resources */,
				0190E8FB1675BBF5008093CC /* ViewController.xib in Resources */,
				0190E9061675DE89008093CC /* bg1.jpg in Resources */,
				0190E9091675E31F008093CC /* bg2.png in Resources */,
			);
			runOnlyForDeploymentPostprocessing = 0;
		};
/* End PBXResourcesBuildPhase section */

/* Begin PBXSourcesBuildPhase section */
		0190E8D61675BBF5008093CC /* Sources */ = {
			isa = PBXSourcesBuildPhase;
			buildActionMask = 2147483647;
			files = (
				0190E8EB1675BBF5008093CC /* main.m in Sources */,
				0190E8EF1675BBF5008093CC /* AppDelegate.m in Sources */,
				0190E8F81675BBF5008093CC /* ViewController.m in Sources */,
			);
			runOnlyForDeploymentPostprocessing = 0;
		};
/* End PBXSourcesBuildPhase section */

/* Begin PBXVariantGroup section */
		0190E8E71675BBF5008093CC /* InfoPlist.strings */ = {
			isa = PBXVariantGroup;
			children = (
				0190E8E81675BBF5008093CC /* en */,
			);
			name = InfoPlist.strings;
			sourceTree = "<group>";
		};
		0190E8F91675BBF5008093CC /* ViewController.xib */ = {
			isa = PBXVariantGroup;
			children = (
				0190E8FA1675BBF5008093CC /* en */,
			);
			name = ViewController.xib;
			sourceTree = "<group>";
		};
/* End PBXVariantGroup section */

/* Begin XCBuildConfiguration section */
		0190E8FC1675BBF5008093CC /* Debug */ = {
			isa = XCBuildConfiguration;
			buildSettings = {
				ALWAYS_SEARCH_USER_PATHS = NO;
				CLANG_CXX_LANGUAGE_STANDARD = "gnu++0x";
				CLANG_CXX_LIBRARY = "libc++";
				CLANG_WARN_EMPTY_BODY = YES;
				CLANG_WARN__DUPLICATE_METHOD_MATCH = YES;
				"CODE_SIGN_IDENTITY[sdk=iphoneos*]" = "iPhone Developer";
				COPY_PHASE_STRIP = NO;
				GCC_C_LANGUAGE_STANDARD = gnu99;
				GCC_DYNAMIC_NO_PIC = NO;
				GCC_OPTIMIZATION_LEVEL = 0;
				GCC_PREPROCESSOR_DEFINITIONS = (
					"DEBUG=1",
					"$(inherited)",
				);
				GCC_SYMBOLS_PRIVATE_EXTERN = NO;
				GCC_WARN_ABOUT_RETURN_TYPE = YES;
				GCC_WARN_UNINITIALIZED_AUTOS = YES;
				GCC_WARN_UNUSED_VARIABLE = YES;
				IPHONEOS_DEPLOYMENT_TARGET = 6.0;
				ONLY_ACTIVE_ARCH = YES;
				SDKROOT = iphoneos;
			};
			name = Debug;
		};
		0190E8FD1675BBF5008093CC /* Release */ = {
			isa = XCBuildConfiguration;
			buildSettings = {
				ALWAYS_SEARCH_USER_PATHS = NO;
				CLANG_CXX_LANGUAGE_STANDARD = "gnu++0x";
				CLANG_CXX_LIBRARY = "libc++";
				CLANG_WARN_EMPTY_BODY = YES;
				CLANG_WARN__DUPLICATE_METHOD_MATCH = YES;
				"CODE_SIGN_IDENTITY[sdk=iphoneos*]" = "iPhone Developer";
				COPY_PHASE_STRIP = YES;
				GCC_C_LANGUAGE_STANDARD = gnu99;
				GCC_WARN_ABOUT_RETURN_TYPE = YES;
				GCC_WARN_UNINITIALIZED_AUTOS = YES;
				GCC_WARN_UNUSED_VARIABLE = YES;
				IPHONEOS_DEPLOYMENT_TARGET = 6.0;
				OTHER_CFLAGS = "-DNS_BLOCK_ASSERTIONS=1";
				SDKROOT = iphoneos;
				VALIDATE_PRODUCT = YES;
			};
			name = Release;
		};
		0190E8FF1675BBF5008093CC /* Debug */ = {
			isa = XCBuildConfiguration;
			buildSettings = {
				GCC_PRECOMPILE_PREFIX_HEADER = YES;
				GCC_PREFIX_HEADER = "ShakeTest/ShakeTest-Prefix.pch";
				INFOPLIST_FILE = "ShakeTest/ShakeTest-Info.plist";
				PRODUCT_NAME = "$(TARGET_NAME)";
				WRAPPER_EXTENSION = app;
			};
			name = Debug;
		};
		0190E9001675BBF5008093CC /* Release */ = {
			isa = XCBuildConfiguration;
			buildSettings = {
				GCC_PRECOMPILE_PREFIX_HEADER = YES;
				GCC_PREFIX_HEADER = "ShakeTest/ShakeTest-Prefix.pch";
				INFOPLIST_FILE = "ShakeTest/ShakeTest-Info.plist";
				PRODUCT_NAME = "$(TARGET_NAME)";
				WRAPPER_EXTENSION = app;
			};
			name = Release;
		};
/* End XCBuildConfiguration section */

/* Begin XCConfigurationList section */
		0190E8D41675BBF5008093CC /* Build configuration list for PBXProject "ShakeTest" */ = {
			isa = XCConfigurationList;
			buildConfigurations = (
				0190E8FC1675BBF5008093CC /* Debug */,
				0190E8FD1675BBF5008093CC /* Release */,
			);
			defaultConfigurationIsVisible = 0;
			defaultConfigurationName = Release;
		};
		0190E8FE1675BBF5008093CC /* Build configuration list for PBXNativeTarget "ShakeTest" */ = {
			isa = XCConfigurationList;
			buildConfigurations = (
				0190E8FF1675BBF5008093CC /* Debug */,
				0190E9001675BBF5008093CC /* Release */,
			);
			defaultConfigurationIsVisible = 0;
			defaultConfigurationName = Release;
		};
/* End XCConfigurationList section */
	};
	rootObject = 0190E8D11675BBF5008093CC /* Project object */;
}
